// !$*UTF8*$!
{
	archiveVersion = 1;
	classes = {
	};
	objectVersion = 55;
	objects = {

/* Begin PBXBuildFile section */
		05846BBD2777C0C70009757F /* AppDelegate.swift in Sources */ = {isa = PBXBuildFile; fileRef = 05846BBC2777C0C70009757F /* AppDelegate.swift */; };
		05846BBF2777C0C70009757F /* SceneDelegate.swift in Sources */ = {isa = PBXBuildFile; fileRef = 05846BBE2777C0C70009757F /* SceneDelegate.swift */; };
		05846BC42777C0C70009757F /* Main.storyboard in Resources */ = {isa = PBXBuildFile; fileRef = 05846BC22777C0C70009757F /* Main.storyboard */; };
		05846BC62777C0CA0009757F /* Assets.xcassets in Resources */ = {isa = PBXBuildFile; fileRef = 05846BC52777C0CA0009757F /* Assets.xcassets */; };
		05846BC92777C0CA0009757F /* LaunchScreen.storyboard in Resources */ = {isa = PBXBuildFile; fileRef = 05846BC72777C0CA0009757F /* LaunchScreen.storyboard */; };
		05846BD72777C72D0009757F /* LoginView.swift in Sources */ = {isa = PBXBuildFile; fileRef = 05846BD62777C72D0009757F /* LoginView.swift */; };
		05846BD92777C75D0009757F /* LoginInteractor.swift in Sources */ = {isa = PBXBuildFile; fileRef = 05846BD82777C75D0009757F /* LoginInteractor.swift */; };
		05846BDB2777C76E0009757F /* LoginPresenter.swift in Sources */ = {isa = PBXBuildFile; fileRef = 05846BDA2777C76E0009757F /* LoginPresenter.swift */; };
		05846BDD2777C77F0009757F /* LoginEntity.swift in Sources */ = {isa = PBXBuildFile; fileRef = 05846BDC2777C77F0009757F /* LoginEntity.swift */; };
		05846BDF2777C79A0009757F /* LoginRouter.swift in Sources */ = {isa = PBXBuildFile; fileRef = 05846BDE2777C79A0009757F /* LoginRouter.swift */; };
		05846BE12777C7AA0009757F /* LoginAssambly.swift in Sources */ = {isa = PBXBuildFile; fileRef = 05846BE02777C7AA0009757F /* LoginAssambly.swift */; };
		05846BE32777C7E10009757F /* HomeView.swift in Sources */ = {isa = PBXBuildFile; fileRef = 05846BE22777C7E10009757F /* HomeView.swift */; };
		05846BE52777C7EF0009757F /* HomeInteractor.swift in Sources */ = {isa = PBXBuildFile; fileRef = 05846BE42777C7EF0009757F /* HomeInteractor.swift */; };
		05846BE72777C7FE0009757F /* HomePresenter.swift in Sources */ = {isa = PBXBuildFile; fileRef = 05846BE62777C7FE0009757F /* HomePresenter.swift */; };
		05846BE92777C80F0009757F /* HomeEntity.swift in Sources */ = {isa = PBXBuildFile; fileRef = 05846BE82777C80F0009757F /* HomeEntity.swift */; };
		05846BEB2777C81A0009757F /* HomeRouter.swift in Sources */ = {isa = PBXBuildFile; fileRef = 05846BEA2777C81A0009757F /* HomeRouter.swift */; };
		05846BED2777C82B0009757F /* HomeAssambly.swift in Sources */ = {isa = PBXBuildFile; fileRef = 05846BEC2777C82B0009757F /* HomeAssambly.swift */; };
		05846BEF2777C83E0009757F /* PhotoView.swift in Sources */ = {isa = PBXBuildFile; fileRef = 05846BEE2777C83E0009757F /* PhotoView.swift */; };
		05846BF12777C8500009757F /* PhotoInteractor.swift in Sources */ = {isa = PBXBuildFile; fileRef = 05846BF02777C8500009757F /* PhotoInteractor.swift */; };
		05846BF32777C85F0009757F /* PhotoPresenter.swift in Sources */ = {isa = PBXBuildFile; fileRef = 05846BF22777C85F0009757F /* PhotoPresenter.swift */; };
		05846BF52777C86C0009757F /* PhotoEntity.swift in Sources */ = {isa = PBXBuildFile; fileRef = 05846BF42777C86C0009757F /* PhotoEntity.swift */; };
		05846BF72777C87E0009757F /* PhotoRouter.swift in Sources */ = {isa = PBXBuildFile; fileRef = 05846BF62777C87E0009757F /* PhotoRouter.swift */; };
		05846BF92777C88A0009757F /* PhotoAssambly.swift in Sources */ = {isa = PBXBuildFile; fileRef = 05846BF82777C88A0009757F /* PhotoAssambly.swift */; };
/* End PBXBuildFile section */

/* Begin PBXFileReference section */
		05846BB92777C0C70009757F /* LearningPatternVIPER.app */ = {isa = PBXFileReference; explicitFileType = wrapper.application; includeInIndex = 0; path = LearningPatternVIPER.app; sourceTree = BUILT_PRODUCTS_DIR; };
		05846BBC2777C0C70009757F /* AppDelegate.swift */ = {isa = PBXFileReference; lastKnownFileType = sourcecode.swift; path = AppDelegate.swift; sourceTree = "<group>"; };
		05846BBE2777C0C70009757F /* SceneDelegate.swift */ = {isa = PBXFileReference; lastKnownFileType = sourcecode.swift; path = SceneDelegate.swift; sourceTree = "<group>"; };
		05846BC32777C0C70009757F /* Base */ = {isa = PBXFileReference; lastKnownFileType = file.storyboard; name = Base; path = Base.lproj/Main.storyboard; sourceTree = "<group>"; };
		05846BC52777C0CA0009757F /* Assets.xcassets */ = {isa = PBXFileReference; lastKnownFileType = folder.assetcatalog; path = Assets.xcassets; sourceTree = "<group>"; };
		05846BC82777C0CA0009757F /* Base */ = {isa = PBXFileReference; lastKnownFileType = file.storyboard; name = Base; path = Base.lproj/LaunchScreen.storyboard; sourceTree = "<group>"; };
		05846BCA2777C0CA0009757F /* Info.plist */ = {isa = PBXFileReference; lastKnownFileType = text.plist.xml; path = Info.plist; sourceTree = "<group>"; };
		05846BD62777C72D0009757F /* LoginView.swift */ = {isa = PBXFileReference; lastKnownFileType = sourcecode.swift; path = LoginView.swift; sourceTree = "<group>"; };
		05846BD82777C75D0009757F /* LoginInteractor.swift */ = {isa = PBXFileReference; lastKnownFileType = sourcecode.swift; path = LoginInteractor.swift; sourceTree = "<group>"; };
		05846BDA2777C76E0009757F /* LoginPresenter.swift */ = {isa = PBXFileReference; lastKnownFileType = sourcecode.swift; path = LoginPresenter.swift; sourceTree = "<group>"; };
		05846BDC2777C77F0009757F /* LoginEntity.swift */ = {isa = PBXFileReference; lastKnownFileType = sourcecode.swift; path = LoginEntity.swift; sourceTree = "<group>"; };
		05846BDE2777C79A0009757F /* LoginRouter.swift */ = {isa = PBXFileReference; lastKnownFileType = sourcecode.swift; path = LoginRouter.swift; sourceTree = "<group>"; };
		05846BE02777C7AA0009757F /* LoginAssambly.swift */ = {isa = PBXFileReference; lastKnownFileType = sourcecode.swift; path = LoginAssambly.swift; sourceTree = "<group>"; };
		05846BE22777C7E10009757F /* HomeView.swift */ = {isa = PBXFileReference; lastKnownFileType = sourcecode.swift; path = HomeView.swift; sourceTree = "<group>"; };
		05846BE42777C7EF0009757F /* HomeInteractor.swift */ = {isa = PBXFileReference; lastKnownFileType = sourcecode.swift; path = HomeInteractor.swift; sourceTree = "<group>"; };
		05846BE62777C7FE0009757F /* HomePresenter.swift */ = {isa = PBXFileReference; lastKnownFileType = sourcecode.swift; path = HomePresenter.swift; sourceTree = "<group>"; };
		05846BE82777C80F0009757F /* HomeEntity.swift */ = {isa = PBXFileReference; lastKnownFileType = sourcecode.swift; path = HomeEntity.swift; sourceTree = "<group>"; };
		05846BEA2777C81A0009757F /* HomeRouter.swift */ = {isa = PBXFileReference; lastKnownFileType = sourcecode.swift; path = HomeRouter.swift; sourceTree = "<group>"; };
		05846BEC2777C82B0009757F /* HomeAssambly.swift */ = {isa = PBXFileReference; lastKnownFileType = sourcecode.swift; path = HomeAssambly.swift; sourceTree = "<group>"; };
		05846BEE2777C83E0009757F /* PhotoView.swift */ = {isa = PBXFileReference; lastKnownFileType = sourcecode.swift; path = PhotoView.swift; sourceTree = "<group>"; };
		05846BF02777C8500009757F /* PhotoInteractor.swift */ = {isa = PBXFileReference; lastKnownFileType = sourcecode.swift; path = PhotoInteractor.swift; sourceTree = "<group>"; };
		05846BF22777C85F0009757F /* PhotoPresenter.swift */ = {isa = PBXFileReference; lastKnownFileType = sourcecode.swift; path = PhotoPresenter.swift; sourceTree = "<group>"; };
		05846BF42777C86C0009757F /* PhotoEntity.swift */ = {isa = PBXFileReference; lastKnownFileType = sourcecode.swift; path = PhotoEntity.swift; sourceTree = "<group>"; };
		05846BF62777C87E0009757F /* PhotoRouter.swift */ = {isa = PBXFileReference; lastKnownFileType = sourcecode.swift; path = PhotoRouter.swift; sourceTree = "<group>"; };
		05846BF82777C88A0009757F /* PhotoAssambly.swift */ = {isa = PBXFileReference; lastKnownFileType = sourcecode.swift; path = PhotoAssambly.swift; sourceTree = "<group>"; };
/* End PBXFileReference section */

/* Begin PBXFrameworksBuildPhase section */
		05846BB62777C0C70009757F /* Frameworks */ = {
			isa = PBXFrameworksBuildPhase;
			buildActionMask = 2147483647;
			files = (
			);
			runOnlyForDeploymentPostprocessing = 0;
		};
/* End PBXFrameworksBuildPhase section */

/* Begin PBXGroup section */
		05846BB02777C0C70009757F = {
			isa = PBXGroup;
			children = (
				05846BBB2777C0C70009757F /* LearningPatternVIPER */,
				05846BBA2777C0C70009757F /* Products */,
			);
			sourceTree = "<group>";
		};
		05846BBA2777C0C70009757F /* Products */ = {
			isa = PBXGroup;
			children = (
				05846BB92777C0C70009757F /* LearningPatternVIPER.app */,
			);
			name = Products;
			sourceTree = "<group>";
		};
		05846BBB2777C0C70009757F /* LearningPatternVIPER */ = {
			isa = PBXGroup;
			children = (
				05846BD22777C20A0009757F /* Storyboards */,
				05846BD12777C1F00009757F /* AppSceneDelegates */,
				05846BD02777C1D60009757F /* Modules */,
				05846BC52777C0CA0009757F /* Assets.xcassets */,
				05846BCA2777C0CA0009757F /* Info.plist */,
			);
			path = LearningPatternVIPER;
			sourceTree = "<group>";
		};
		05846BD02777C1D60009757F /* Modules */ = {
			isa = PBXGroup;
			children = (
				05846BD32777C2530009757F /* Login */,
				05846BD42777C2590009757F /* Home */,
				05846BD52777C2600009757F /* Photo */,
			);
			path = Modules;
			sourceTree = "<group>";
		};
		05846BD12777C1F00009757F /* AppSceneDelegates */ = {
			isa = PBXGroup;
			children = (
				05846BBC2777C0C70009757F /* AppDelegate.swift */,
				05846BBE2777C0C70009757F /* SceneDelegate.swift */,
			);
			path = AppSceneDelegates;
			sourceTree = "<group>";
		};
		05846BD22777C20A0009757F /* Storyboards */ = {
			isa = PBXGroup;
			children = (
				05846BC22777C0C70009757F /* Main.storyboard */,
				05846BC72777C0CA0009757F /* LaunchScreen.storyboard */,
			);
			path = Storyboards;
			sourceTree = "<group>";
		};
		05846BD32777C2530009757F /* Login */ = {
			isa = PBXGroup;
			children = (
				05846BD62777C72D0009757F /* LoginView.swift */,
				05846BD82777C75D0009757F /* LoginInteractor.swift */,
				05846BDA2777C76E0009757F /* LoginPresenter.swift */,
				05846BDC2777C77F0009757F /* LoginEntity.swift */,
				05846BDE2777C79A0009757F /* LoginRouter.swift */,
				05846BE02777C7AA0009757F /* LoginAssambly.swift */,
			);
			path = Login;
			sourceTree = "<group>";
		};
		05846BD42777C2590009757F /* Home */ = {
			isa = PBXGroup;
			children = (
				05846BE22777C7E10009757F /* HomeView.swift */,
				05846BE42777C7EF0009757F /* HomeInteractor.swift */,
				05846BE62777C7FE0009757F /* HomePresenter.swift */,
				05846BE82777C80F0009757F /* HomeEntity.swift */,
				05846BEA2777C81A0009757F /* HomeRouter.swift */,
				05846BEC2777C82B0009757F /* HomeAssambly.swift */,
			);
			path = Home;
			sourceTree = "<group>";
		};
		05846BD52777C2600009757F /* Photo */ = {
			isa = PBXGroup;
			children = (
				05846BEE2777C83E0009757F /* PhotoView.swift */,
				05846BF02777C8500009757F /* PhotoInteractor.swift */,
				05846BF22777C85F0009757F /* PhotoPresenter.swift */,
				05846BF42777C86C0009757F /* PhotoEntity.swift */,
				05846BF62777C87E0009757F /* PhotoRouter.swift */,
				05846BF82777C88A0009757F /* PhotoAssambly.swift */,
			);
			path = Photo;
			sourceTree = "<group>";
		};
/* End PBXGroup section */

/* Begin PBXNativeTarget section */
		05846BB82777C0C70009757F /* LearningPatternVIPER */ = {
			isa = PBXNativeTarget;
			buildConfigurationList = 05846BCD2777C0CA0009757F /* Build configuration list for PBXNativeTarget "LearningPatternVIPER" */;
			buildPhases = (
				05846BB52777C0C70009757F /* Sources */,
				05846BB62777C0C70009757F /* Frameworks */,
				05846BB72777C0C70009757F /* Resources */,
			);
			buildRules = (
			);
			dependencies = (
			);
			name = LearningPatternVIPER;
			productName = LearningPatternVIPER;
			productReference = 05846BB92777C0C70009757F /* LearningPatternVIPER.app */;
			productType = "com.apple.product-type.application";
		};
/* End PBXNativeTarget section */

/* Begin PBXProject section */
		05846BB12777C0C70009757F /* Project object */ = {
			isa = PBXProject;
			attributes = {
				BuildIndependentTargetsInParallel = 1;
				LastSwiftUpdateCheck = 1320;
				LastUpgradeCheck = 1320;
				TargetAttributes = {
					05846BB82777C0C70009757F = {
						CreatedOnToolsVersion = 13.2.1;
					};
				};
			};
			buildConfigurationList = 05846BB42777C0C70009757F /* Build configuration list for PBXProject "LearningPatternVIPER" */;
			compatibilityVersion = "Xcode 13.0";
			developmentRegion = en;
			hasScannedForEncodings = 0;
			knownRegions = (
				en,
				Base,
			);
			mainGroup = 05846BB02777C0C70009757F;
			productRefGroup = 05846BBA2777C0C70009757F /* Products */;
			projectDirPath = "";
			projectRoot = "";
			targets = (
				05846BB82777C0C70009757F /* LearningPatternVIPER */,
			);
		};
/* End PBXProject section */

/* Begin PBXResourcesBuildPhase section */
		05846BB72777C0C70009757F /* Resources */ = {
			isa = PBXResourcesBuildPhase;
			buildActionMask = 2147483647;
			files = (
				05846BC92777C0CA0009757F /* LaunchScreen.storyboard in Resources */,
				05846BC62777C0CA0009757F /* Assets.xcassets in Resources */,
				05846BC42777C0C70009757F /* Main.storyboard in Resources */,
			);
			runOnlyForDeploymentPostprocessing = 0;
		};
/* End PBXResourcesBuildPhase section */

/* Begin PBXSourcesBuildPhase section */
		05846BB52777C0C70009757F /* Sources */ = {
			isa = PBXSourcesBuildPhase;
			buildActionMask = 2147483647;
			files = (
				05846BE32777C7E10009757F /* HomeView.swift in Sources */,
				05846BE92777C80F0009757F /* HomeEntity.swift in Sources */,
				05846BD92777C75D0009757F /* LoginInteractor.swift in Sources */,
				05846BEF2777C83E0009757F /* PhotoView.swift in Sources */,
				05846BF72777C87E0009757F /* PhotoRouter.swift in Sources */,
				05846BD72777C72D0009757F /* LoginView.swift in Sources */,
				05846BF32777C85F0009757F /* PhotoPresenter.swift in Sources */,
				05846BF12777C8500009757F /* PhotoInteractor.swift in Sources */,
				05846BE52777C7EF0009757F /* HomeInteractor.swift in Sources */,
				05846BDD2777C77F0009757F /* LoginEntity.swift in Sources */,
				05846BEB2777C81A0009757F /* HomeRouter.swift in Sources */,
				05846BE12777C7AA0009757F /* LoginAssambly.swift in Sources */,
				05846BBD2777C0C70009757F /* AppDelegate.swift in Sources */,
				05846BBF2777C0C70009757F /* SceneDelegate.swift in Sources */,
				05846BED2777C82B0009757F /* HomeAssambly.swift in Sources */,
				05846BDF2777C79A0009757F /* LoginRouter.swift in Sources */,
				05846BF92777C88A0009757F /* PhotoAssambly.swift in Sources */,
				05846BDB2777C76E0009757F /* LoginPresenter.swift in Sources */,
				05846BE72777C7FE0009757F /* HomePresenter.swift in Sources */,
				05846BF52777C86C0009757F /* PhotoEntity.swift in Sources */,
			);
			runOnlyForDeploymentPostprocessing = 0;
		};
/* End PBXSourcesBuildPhase section */

/* Begin PBXVariantGroup section */
		05846BC22777C0C70009757F /* Main.storyboard */ = {
			isa = PBXVariantGroup;
			children = (
				05846BC32777C0C70009757F /* Base */,
			);
			name = Main.storyboard;
			sourceTree = "<group>";
		};
		05846BC72777C0CA0009757F /* LaunchScreen.storyboard */ = {
			isa = PBXVariantGroup;
			children = (
				05846BC82777C0CA0009757F /* Base */,
			);
			name = LaunchScreen.storyboard;
			sourceTree = "<group>";
		};
/* End PBXVariantGroup section */

/* Begin XCBuildConfiguration section */
		05846BCB2777C0CA0009757F /* Debug */ = {
			isa = XCBuildConfiguration;
			buildSettings = {
				ALWAYS_SEARCH_USER_PATHS = NO;
				CLANG_ANALYZER_NONNULL = YES;
				CLANG_ANALYZER_NUMBER_OBJECT_CONVERSION = YES_AGGRESSIVE;
				CLANG_CXX_LANGUAGE_STANDARD = "gnu++17";
				CLANG_CXX_LIBRARY = "libc++";
				CLANG_ENABLE_MODULES = YES;
				CLANG_ENABLE_OBJC_ARC = YES;
				CLANG_ENABLE_OBJC_WEAK = YES;
				CLANG_WARN_BLOCK_CAPTURE_AUTORELEASING = YES;
				CLANG_WARN_BOOL_CONVERSION = YES;
				CLANG_WARN_COMMA = YES;
				CLANG_WARN_CONSTANT_CONVERSION = YES;
				CLANG_WARN_DEPRECATED_OBJC_IMPLEMENTATIONS = YES;
				CLANG_WARN_DIRECT_OBJC_ISA_USAGE = YES_ERROR;
				CLANG_WARN_DOCUMENTATION_COMMENTS = YES;
				CLANG_WARN_EMPTY_BODY = YES;
				CLANG_WARN_ENUM_CONVERSION = YES;
				CLANG_WARN_INFINITE_RECURSION = YES;
				CLANG_WARN_INT_CONVERSION = YES;
				CLANG_WARN_NON_LITERAL_NULL_CONVERSION = YES;
				CLANG_WARN_OBJC_IMPLICIT_RETAIN_SELF = YES;
				CLANG_WARN_OBJC_LITERAL_CONVERSION = YES;
				CLANG_WARN_OBJC_ROOT_CLASS = YES_ERROR;
				CLANG_WARN_QUOTED_INCLUDE_IN_FRAMEWORK_HEADER = YES;
				CLANG_WARN_RANGE_LOOP_ANALYSIS = YES;
				CLANG_WARN_STRICT_PROTOTYPES = YES;
				CLANG_WARN_SUSPICIOUS_MOVE = YES;
				CLANG_WARN_UNGUARDED_AVAILABILITY = YES_AGGRESSIVE;
				CLANG_WARN_UNREACHABLE_CODE = YES;
				CLANG_WARN__DUPLICATE_METHOD_MATCH = YES;
				COPY_PHASE_STRIP = NO;
				DEBUG_INFORMATION_FORMAT = dwarf;
				ENABLE_STRICT_OBJC_MSGSEND = YES;
				ENABLE_TESTABILITY = YES;
				GCC_C_LANGUAGE_STANDARD = gnu11;
				GCC_DYNAMIC_NO_PIC = NO;
				GCC_NO_COMMON_BLOCKS = YES;
				GCC_OPTIMIZATION_LEVEL = 0;
				GCC_PREPROCESSOR_DEFINITIONS = (
					"DEBUG=1",
					"$(inherited)",
				);
				GCC_WARN_64_TO_32_BIT_CONVERSION = YES;
				GCC_WARN_ABOUT_RETURN_TYPE = YES_ERROR;
				GCC_WARN_UNDECLARED_SELECTOR = YES;
				GCC_WARN_UNINITIALIZED_AUTOS = YES_AGGRESSIVE;
				GCC_WARN_UNUSED_FUNCTION = YES;
				GCC_WARN_UNUSED_VARIABLE = YES;
				IPHONEOS_DEPLOYMENT_TARGET = 15.2;
				MTL_ENABLE_DEBUG_INFO = INCLUDE_SOURCE;
				MTL_FAST_MATH = YES;
				ONLY_ACTIVE_ARCH = YES;
				SDKROOT = iphoneos;
				SWIFT_ACTIVE_COMPILATION_CONDITIONS = DEBUG;
				SWIFT_OPTIMIZATION_LEVEL = "-Onone";
			};
			name = Debug;
		};
		05846BCC2777C0CA0009757F /* Release */ = {
			isa = XCBuildConfiguration;
			buildSettings = {
				ALWAYS_SEARCH_USER_PATHS = NO;
				CLANG_ANALYZER_NONNULL = YES;
				CLANG_ANALYZER_NUMBER_OBJECT_CONVERSION = YES_AGGRESSIVE;
				CLANG_CXX_LANGUAGE_STANDARD = "gnu++17";
				CLANG_CXX_LIBRARY = "libc++";
				CLANG_ENABLE_MODULES = YES;
				CLANG_ENABLE_OBJC_ARC = YES;
				CLANG_ENABLE_OBJC_WEAK = YES;
				CLANG_WARN_BLOCK_CAPTURE_AUTORELEASING = YES;
				CLANG_WARN_BOOL_CONVERSION = YES;
				CLANG_WARN_COMMA = YES;
				CLANG_WARN_CONSTANT_CONVERSION = YES;
				CLANG_WARN_DEPRECATED_OBJC_IMPLEMENTATIONS = YES;
				CLANG_WARN_DIRECT_OBJC_ISA_USAGE = YES_ERROR;
				CLANG_WARN_DOCUMENTATION_COMMENTS = YES;
				CLANG_WARN_EMPTY_BODY = YES;
				CLANG_WARN_ENUM_CONVERSION = YES;
				CLANG_WARN_INFINITE_RECURSION = YES;
				CLANG_WARN_INT_CONVERSION = YES;
				CLANG_WARN_NON_LITERAL_NULL_CONVERSION = YES;
				CLANG_WARN_OBJC_IMPLICIT_RETAIN_SELF = YES;
				CLANG_WARN_OBJC_LITERAL_CONVERSION = YES;
				CLANG_WARN_OBJC_ROOT_CLASS = YES_ERROR;
				CLANG_WARN_QUOTED_INCLUDE_IN_FRAMEWORK_HEADER = YES;
				CLANG_WARN_RANGE_LOOP_ANALYSIS = YES;
				CLANG_WARN_STRICT_PROTOTYPES = YES;
				CLANG_WARN_SUSPICIOUS_MOVE = YES;
				CLANG_WARN_UNGUARDED_AVAILABILITY = YES_AGGRESSIVE;
				CLANG_WARN_UNREACHABLE_CODE = YES;
				CLANG_WARN__DUPLICATE_METHOD_MATCH = YES;
				COPY_PHASE_STRIP = NO;
				DEBUG_INFORMATION_FORMAT = "dwarf-with-dsym";
				ENABLE_NS_ASSERTIONS = NO;
				ENABLE_STRICT_OBJC_MSGSEND = YES;
				GCC_C_LANGUAGE_STANDARD = gnu11;
				GCC_NO_COMMON_BLOCKS = YES;
				GCC_WARN_64_TO_32_BIT_CONVERSION = YES;
				GCC_WARN_ABOUT_RETURN_TYPE = YES_ERROR;
				GCC_WARN_UNDECLARED_SELECTOR = YES;
				GCC_WARN_UNINITIALIZED_AUTOS = YES_AGGRESSIVE;
				GCC_WARN_UNUSED_FUNCTION = YES;
				GCC_WARN_UNUSED_VARIABLE = YES;
				IPHONEOS_DEPLOYMENT_TARGET = 15.2;
				MTL_ENABLE_DEBUG_INFO = NO;
				MTL_FAST_MATH = YES;
				SDKROOT = iphoneos;
				SWIFT_COMPILATION_MODE = wholemodule;
				SWIFT_OPTIMIZATION_LEVEL = "-O";
				VALIDATE_PRODUCT = YES;
			};
			name = Release;
		};
		05846BCE2777C0CA0009757F /* Debug */ = {
			isa = XCBuildConfiguration;
			buildSettings = {
				ASSETCATALOG_COMPILER_APPICON_NAME = AppIcon;
				ASSETCATALOG_COMPILER_GLOBAL_ACCENT_COLOR_NAME = AccentColor;
				CODE_SIGN_STYLE = Automatic;
				CURRENT_PROJECT_VERSION = 1;
				DEVELOPMENT_TEAM = K576QY7WLK;
				GENERATE_INFOPLIST_FILE = YES;
				INFOPLIST_FILE = LearningPatternVIPER/Info.plist;
				INFOPLIST_KEY_UIApplicationSupportsIndirectInputEvents = YES;
				INFOPLIST_KEY_UILaunchStoryboardName = LaunchScreen;
				INFOPLIST_KEY_UIMainStoryboardFile = Main;
				INFOPLIST_KEY_UISupportedInterfaceOrientations_iPad = "UIInterfaceOrientationPortrait UIInterfaceOrientationPortraitUpsideDown UIInterfaceOrientationLandscapeLeft UIInterfaceOrientationLandscapeRight";
				INFOPLIST_KEY_UISupportedInterfaceOrientations_iPhone = "UIInterfaceOrientationPortrait UIInterfaceOrientationLandscapeLeft UIInterfaceOrientationLandscapeRight";
				LD_RUNPATH_SEARCH_PATHS = (
					"$(inherited)",
					"@executable_path/Frameworks",
				);
				MARKETING_VERSION = 1.0;
				PRODUCT_BUNDLE_IDENTIFIER = ru.DanilRyumin.LearningPatternVIPER;
				PRODUCT_NAME = "$(TARGET_NAME)";
				SWIFT_EMIT_LOC_STRINGS = YES;
				SWIFT_VERSION = 5.0;
				TARGETED_DEVICE_FAMILY = "1,2";
			};
			name = Debug;
		};
		05846BCF2777C0CA0009757F /* Release */ = {
			isa = XCBuildConfiguration;
			buildSettings = {
				ASSETCATALOG_COMPILER_APPICON_NAME = AppIcon;
				ASSETCATALOG_COMPILER_GLOBAL_ACCENT_COLOR_NAME = AccentColor;
				CODE_SIGN_STYLE = Automatic;
				CURRENT_PROJECT_VERSION = 1;
				DEVELOPMENT_TEAM = K576QY7WLK;
				GENERATE_INFOPLIST_FILE = YES;
				INFOPLIST_FILE = LearningPatternVIPER/Info.plist;
				INFOPLIST_KEY_UIApplicationSupportsIndirectInputEvents = YES;
				INFOPLIST_KEY_UILaunchStoryboardName = LaunchScreen;
				INFOPLIST_KEY_UIMainStoryboardFile = Main;
				INFOPLIST_KEY_UISupportedInterfaceOrientations_iPad = "UIInterfaceOrientationPortrait UIInterfaceOrientationPortraitUpsideDown UIInterfaceOrientationLandscapeLeft UIInterfaceOrientationLandscapeRight";
				INFOPLIST_KEY_UISupportedInterfaceOrientations_iPhone = "UIInterfaceOrientationPortrait UIInterfaceOrientationLandscapeLeft UIInterfaceOrientationLandscapeRight";
				LD_RUNPATH_SEARCH_PATHS = (
					"$(inherited)",
					"@executable_path/Frameworks",
				);
				MARKETING_VERSION = 1.0;
				PRODUCT_BUNDLE_IDENTIFIER = ru.DanilRyumin.LearningPatternVIPER;
				PRODUCT_NAME = "$(TARGET_NAME)";
				SWIFT_EMIT_LOC_STRINGS = YES;
				SWIFT_VERSION = 5.0;
				TARGETED_DEVICE_FAMILY = "1,2";
			};
			name = Release;
		};
/* End XCBuildConfiguration section */

/* Begin XCConfigurationList section */
		05846BB42777C0C70009757F /* Build configuration list for PBXProject "LearningPatternVIPER" */ = {
			isa = XCConfigurationList;
			buildConfigurations = (
				05846BCB2777C0CA0009757F /* Debug */,
				05846BCC2777C0CA0009757F /* Release */,
			);
			defaultConfigurationIsVisible = 0;
			defaultConfigurationName = Release;
		};
		05846BCD2777C0CA0009757F /* Build configuration list for PBXNativeTarget "LearningPatternVIPER" */ = {
			isa = XCConfigurationList;
			buildConfigurations = (
				05846BCE2777C0CA0009757F /* Debug */,
				05846BCF2777C0CA0009757F /* Release */,
			);
			defaultConfigurationIsVisible = 0;
			defaultConfigurationName = Release;
		};
/* End XCConfigurationList section */
	};
	rootObject = 05846BB12777C0C70009757F /* Project object */;
}
